
Microsoft Visual Studio Solution File, Format Version 12.00
# Visual Studio Version 17
VisualStudioVersion = 17.6.33829.357
MinimumVisualStudioVersion = 10.0.40219.1
Project("{9A19103F-16F7-4668-BE54-9A1E7A4F7556}") = "IlkUygulamam", "IlkUygulamam\IlkUygulamam.csproj", "{DD3A088E-FBAB-4033-9A0A-A1C7CCF124DC}"
EndProject
Project("{FAE04EC0-301F-11D3-BF4B-00C04F79EFBC}") = "BusinessLayer", "BusinessLayer\BusinessLayer.csproj", "{51587983-4FED-48D9-AA62-6D06285BC263}"
EndProject
Project("{FAE04EC0-301F-11D3-BF4B-00C04F79EFBC}") = "DataLayer", "DataLayer\DataLayer.csproj", "{F5CD4F2C-9396-4DEF-A7CD-61467251A7D8}"
EndProject
Global
	GlobalSection(SolutionConfigurationPlatforms) = preSolution
		Debug|Any CPU = Debug|Any CPU
		Release|Any CPU = Release|Any CPU
	EndGlobalSection
	GlobalSection(ProjectConfigurationPlatforms) = postSolution
		{DD3A088E-FBAB-4033-9A0A-A1C7CCF124DC}.Debug|Any CPU.ActiveCfg = Debug|Any CPU
		{DD3A088E-FBAB-4033-9A0A-A1C7CCF124DC}.Debug|Any CPU.Build.0 = Debug|Any CPU
		{DD3A088E-FBAB-4033-9A0A-A1C7CCF124DC}.Release|Any CPU.ActiveCfg = Release|Any CPU
		{DD3A088E-FBAB-4033-9A0A-A1C7CCF124DC}.Release|Any CPU.Build.0 = Release|Any CPU
		{51587983-4FED-48D9-AA62-6D06285BC263}.Debug|Any CPU.ActiveCfg = Debug|Any CPU
		{51587983-4FED-48D9-AA62-6D06285BC263}.Debug|Any CPU.Build.0 = Debug|Any CPU
		{51587983-4FED-48D9-AA62-6D06285BC263}.Release|Any CPU.ActiveCfg = Release|Any CPU
		{51587983-4FED-48D9-AA62-6D06285BC263}.Release|Any CPU.Build.0 = Release|Any CPU
		{F5CD4F2C-9396-4DEF-A7CD-61467251A7D8}.Debug|Any CPU.ActiveCfg = Debug|Any CPU
		{F5CD4F2C-9396-4DEF-A7CD-61467251A7D8}.Debug|Any CPU.Build.0 = Debug|Any CPU
		{F5CD4F2C-9396-4DEF-A7CD-61467251A7D8}.Release|Any CPU.ActiveCfg = Release|Any CPU
		{F5CD4F2C-9396-4DEF-A7CD-61467251A7D8}.Release|Any CPU.Build.0 = Release|Any CPU
	EndGlobalSection
	GlobalSection(SolutionProperties) = preSolution
		HideSolutionNode = FALSE
	EndGlobalSection
	GlobalSection(ExtensibilityGlobals) = postSolution
		SolutionGuid = {7EFBBB9C-6F2E-4615-9615-A36A67C108F1}
	EndGlobalSection
EndGlobal
